{
  "originHash" : "e1028d2ecad9ead0b226bd418b810a77b784f85a25b11c33b0387a0809878ddc",
  "pins" : [
    {
      "identity" : "tangem-sdk-ios",
      "kind" : "remoteSourceControl",
      "location" : "https://github.com/C0C41N/tangem-sdk-ios",
      "state" : {
        "branch" : "release/20240918",
        "revision" : "5c1a6ed10b050b535cae21213f6153b14393a994"
      }
    }
  ],
  "version" : 3
}
